
Microsoft Visual Studio Solution File, Format Version 12.00
# Visual Studio Version 17
VisualStudioVersion = 17.3.32901.215
MinimumVisualStudioVersion = 10.0.40219.1
Project("{FAE04EC0-301F-11D3-BF4B-00C04F79EFBC}") = "portalPoC.mvc", "portalPoC.mvc\portalPoC.mvc.csproj", "{51981B49-EEC7-4206-BC56-CDD34EEC6D78}"
EndProject
Project("{FAE04EC0-301F-11D3-BF4B-00C04F79EFBC}") = "portalPoC.tests", "portalPoC.tests\portalPoC.tests.csproj", "{78F38731-4C43-4845-A1E4-5100E1346208}"
EndProject
Global
	GlobalSection(SolutionConfigurationPlatforms) = preSolution
		Debug|Any CPU = Debug|Any CPU
		Release|Any CPU = Release|Any CPU
	EndGlobalSection
	GlobalSection(ProjectConfigurationPlatforms) = postSolution
		{51981B49-EEC7-4206-BC56-CDD34EEC6D78}.Debug|Any CPU.ActiveCfg = Debug|Any CPU
		{51981B49-EEC7-4206-BC56-CDD34EEC6D78}.Debug|Any CPU.Build.0 = Debug|Any CPU
		{51981B49-EEC7-4206-BC56-CDD34EEC6D78}.Release|Any CPU.ActiveCfg = Release|Any CPU
		{51981B49-EEC7-4206-BC56-CDD34EEC6D78}.Release|Any CPU.Build.0 = Release|Any CPU
		{78F38731-4C43-4845-A1E4-5100E1346208}.Debug|Any CPU.ActiveCfg = Debug|Any CPU
		{78F38731-4C43-4845-A1E4-5100E1346208}.Debug|Any CPU.Build.0 = Debug|Any CPU
		{78F38731-4C43-4845-A1E4-5100E1346208}.Release|Any CPU.ActiveCfg = Release|Any CPU
		{78F38731-4C43-4845-A1E4-5100E1346208}.Release|Any CPU.Build.0 = Release|Any CPU
	EndGlobalSection
	GlobalSection(SolutionProperties) = preSolution
		HideSolutionNode = FALSE
	EndGlobalSection
	GlobalSection(ExtensibilityGlobals) = postSolution
		SolutionGuid = {44E63680-0032-4581-8589-0066F8EE7457}
	EndGlobalSection
EndGlobal
